<?xml version="1.0" encoding="UTF-8"?>
<Scheme
   LastUpgradeVersion = "1430"
   version = "1.7">
   <BuildAction
      parallelizeBuildables = "YES"
      buildImplicitDependencies = "YES">
      <PreActions>
         <ExecutionAction
            ActionType = "Xcode.IDEStandardExecutionActionsCore.ExecutionActionType.ShellScriptAction">
            <ActionContent
               title = "Start Packager"
               scriptText = "export RCT_METRO_PORT=&quot;${RCT_METRO_PORT:=8081}&quot;&#10;echo &quot;export RCT_METRO_PORT=${RCT_METRO_PORT}&quot; &gt; &quot;${SRCROOT}/../node_modules/react-native/scripts/.packager.env&quot;&#10;if [ -z &quot;${RCT_NO_LAUNCH_PACKAGER+xxx}&quot; ] ; then&#10;  if nc -w 5 -z localhost ${RCT_METRO_PORT} ; then&#10;    if ! curl -s &quot;http://localhost:${RCT_METRO_PORT}/status&quot; | grep -q &quot;packager-status:running&quot; ; then&#10;      echo &quot;Port ${RCT_METRO_PORT} already in use, packager is either not running or not running correctly&quot;&#10;      exit 2&#10;    fi&#10;  else&#10;    open &quot;$SRCROOT/../node_modules/react-native/scripts/launchPackager.command&quot; || echo &quot;Can&apos;t start packager automatically&quot;&#10;  fi&#10;fi&#10;">
            </ActionContent>
         </ExecutionAction>
      </PreActions>
      <PostActions>
         <ExecutionAction
            ActionType = "Xcode.IDEStandardExecutionActionsCore.ExecutionActionType.ShellScriptAction">
            <ActionContent
               title = "Run SwiftLint"
               scriptText = "&quot;${PODS_ROOT}/SwiftLint/swiftlint&quot;">
               <EnvironmentBuildable>
                  <BuildableReference
                     BuildableIdentifier = "primary"
                     BlueprintIdentifier = "13B07F861A680F5B00A75B9A"
                     BuildableName = "AITravelPlatform.app"
                     BlueprintName = "AITravelPlatform"
                     ReferencedContainer = "container:AITravelPlatform.xcodeproj">
                  </BuildableReference>
               </EnvironmentBuildable>
            </ActionContent>
         </ExecutionAction>
      </PostActions>
      <BuildActionEntries>
         <BuildActionEntry
            buildForTesting = "YES"
            buildForRunning = "YES"
            buildForProfiling = "YES"
            buildForArchiving = "YES"
            buildForAnalyzing = "YES">
            <BuildableReference
               BuildableIdentifier = "primary"
               BlueprintIdentifier = "13B07F861A680F5B00A75B9A"
               BuildableName = "AITravelPlatform.app"
               BlueprintName = "AITravelPlatform"
               ReferencedContainer = "container:AITravelPlatform.xcodeproj">
            </BuildableReference>
         </BuildActionEntry>
      </BuildActionEntries>
   </BuildAction>
   <TestAction
      buildConfiguration = "Debug"
      selectedDebuggerIdentifier = "Xcode.DebuggerFoundation.Debugger.LLDB"
      selectedLauncherIdentifier = "Xcode.DebuggerFoundation.Launcher.LLDB"
      shouldUseLaunchSchemeArgsEnv = "YES"
      codeCoverageEnabled = "YES"
      enableAddressSanitizer = "YES"
      enableThreadSanitizer = "YES">
      <MacroExpansion>
         <BuildableReference
            BuildableIdentifier = "primary"
            BlueprintIdentifier = "13B07F861A680F5B00A75B9A"
            BuildableName = "AITravelPlatform.app"
            BlueprintName = "AITravelPlatform"
            ReferencedContainer = "container:AITravelPlatform.xcodeproj">
         </BuildableReference>
      </MacroExpansion>
      <Testables>
         <TestableReference
            skipped = "NO">
            <BuildableReference
               BuildableIdentifier = "primary"
               BlueprintIdentifier = "00E356ED1AD99517003FC87E"
               BuildableName = "AITravelPlatformTests.xctest"
               BlueprintName = "AITravelPlatformTests"
               ReferencedContainer = "container:AITravelPlatform.xcodeproj">
            </BuildableReference>
         </TestableReference>
         <TestableReference
            skipped = "NO">
            <BuildableReference
               BuildableIdentifier = "primary"
               BlueprintIdentifier = "2D02E48F1E0B4A5D006451C7"
               BuildableName = "AITravelPlatformUITests.xctest"
               BlueprintName = "AITravelPlatformUITests"
               ReferencedContainer = "container:AITravelPlatform.xcodeproj">
            </BuildableReference>
         </TestableReference>
      </Testables>
   </TestAction>
   <LaunchAction
      buildConfiguration = "Debug"
      selectedDebuggerIdentifier = "Xcode.DebuggerFoundation.Debugger.LLDB"
      selectedLauncherIdentifier = "Xcode.DebuggerFoundation.Launcher.LLDB"
      launchStyle = "0"
      useCustomWorkingDirectory = "NO"
      ignoresPersistentStateOnLaunch = "NO"
      debugDocumentVersioning = "YES"
      debugServiceExtension = "internal"
      allowLocationSimulation = "YES">
      <BuildableProductRunnable
         runnableDebuggingMode = "0">
         <BuildableReference
            BuildableIdentifier = "primary"
            BlueprintIdentifier = "13B07F861A680F5B00A75B9A"
            BuildableName = "AITravelPlatform.app"
            BlueprintName = "AITravelPlatform"
            ReferencedContainer = "container:AITravelPlatform.xcodeproj">
         </BuildableReference>
      </BuildableProductRunnable>
      <EnvironmentVariables>
         <EnvironmentVariable
            key = "OS_ACTIVITY_MODE"
            value = "disable"
            isEnabled = "YES">
         </EnvironmentVariable>
         <EnvironmentVariable
            key = "REACT_NATIVE_PACKAGER_HOSTNAME"
            value = "localhost"
            isEnabled = "YES">
         </EnvironmentVariable>
         <EnvironmentVariable
            key = "RCT_METRO_PORT"
            value = "8081"
            isEnabled = "YES">
         </EnvironmentVariable>
      </EnvironmentVariables>
   </LaunchAction>
   <ProfileAction
      buildConfiguration = "Release"
      shouldUseLaunchSchemeArgsEnv = "YES"
      savedToolIdentifier = ""
      useCustomWorkingDirectory = "NO"
      debugDocumentVersioning = "YES">
      <BuildableProductRunnable
         runnableDebuggingMode = "0">
         <BuildableReference
            BuildableIdentifier = "primary"
            BlueprintIdentifier = "13B07F861A680F5B00A75B9A"
            BuildableName = "AITravelPlatform.app"
            BlueprintName = "AITravelPlatform"
            ReferencedContainer = "container:AITravelPlatform.xcodeproj">
         </BuildableReference>
      </BuildableProductRunnable>
   </ProfileAction>
   <AnalyzeAction
      buildConfiguration = "Debug">
   </AnalyzeAction>
   <ArchiveAction
      buildConfiguration = "Release"
      revealArchiveInOrganizer = "YES"
      customArchiveName = "AITravelPlatform">
      <PostActions>
         <ExecutionAction
            ActionType = "Xcode.IDEStandardExecutionActionsCore.ExecutionActionType.ShellScriptAction">
            <ActionContent
               title = "Upload dSYMs"
               scriptText = "./upload-symbols -gsp GoogleService-Info.plist -p ios ${DWARF_DSYM_FOLDER_PATH}/${DWARF_DSYM_FILE_NAME}">
               <EnvironmentBuildable>
                  <BuildableReference
                     BuildableIdentifier = "primary"
                     BlueprintIdentifier = "13B07F861A680F5B00A75B9A"
                     BuildableName = "AITravelPlatform.app"
                     BlueprintName = "AITravelPlatform"
                     ReferencedContainer = "container:AITravelPlatform.xcodeproj">
                  </BuildableReference>
               </EnvironmentBuildable>
            </ActionContent>
         </ExecutionAction>
      </PostActions>
   </ArchiveAction>
</Scheme>